
Microsoft Visual Studio Solution File, Format Version 12.00
# Visual Studio Express 2012 for Windows Desktop
Project("{FAE04EC0-301F-11D3-BF4B-00C04F79EFBC}") = "array_operations", "array_operations\array_operations.csproj", "{53E22967-07E6-4957-9D62-3A985F7C8AD5}"
EndProject
Global
	GlobalSection(SolutionConfigurationPlatforms) = preSolution
		Debug|Any CPU = Debug|Any CPU
		Release|Any CPU = Release|Any CPU
	EndGlobalSection
	GlobalSection(ProjectConfigurationPlatforms) = postSolution
		{53E22967-07E6-4957-9D62-3A985F7C8AD5}.Debug|Any CPU.ActiveCfg = Debug|Any CPU
		{53E22967-07E6-4957-9D62-3A985F7C8AD5}.Debug|Any CPU.Build.0 = Debug|Any CPU
		{53E22967-07E6-4957-9D62-3A985F7C8AD5}.Release|Any CPU.ActiveCfg = Release|Any CPU
		{53E22967-07E6-4957-9D62-3A985F7C8AD5}.Release|Any CPU.Build.0 = Release|Any CPU
	EndGlobalSection
	GlobalSection(SolutionProperties) = preSolution
		HideSolutionNode = FALSE
	EndGlobalSection
EndGlobal
