
Microsoft Visual Studio Solution File, Format Version 12.00
# Visual Studio Express 2012 for Windows Desktop
Project("{FAE04EC0-301F-11D3-BF4B-00C04F79EFBC}") = "linq_pgm", "linq_pgm\linq_pgm.csproj", "{6454A4F7-385F-4401-9AAF-8CAC9D141543}"
EndProject
Global
	GlobalSection(SolutionConfigurationPlatforms) = preSolution
		Debug|Any CPU = Debug|Any CPU
		Release|Any CPU = Release|Any CPU
	EndGlobalSection
	GlobalSection(ProjectConfigurationPlatforms) = postSolution
		{6454A4F7-385F-4401-9AAF-8CAC9D141543}.Debug|Any CPU.ActiveCfg = Debug|Any CPU
		{6454A4F7-385F-4401-9AAF-8CAC9D141543}.Debug|Any CPU.Build.0 = Debug|Any CPU
		{6454A4F7-385F-4401-9AAF-8CAC9D141543}.Release|Any CPU.ActiveCfg = Release|Any CPU
		{6454A4F7-385F-4401-9AAF-8CAC9D141543}.Release|Any CPU.Build.0 = Release|Any CPU
	EndGlobalSection
	GlobalSection(SolutionProperties) = preSolution
		HideSolutionNode = FALSE
	EndGlobalSection
EndGlobal
